
Microsoft Visual Studio Solution File, Format Version 12.00
# Visual Studio Version 16
VisualStudioVersion = 16.0.30011.22
MinimumVisualStudioVersion = 10.0.40219.1
Project("{FAE04EC0-301F-11D3-BF4B-00C04F79EFBC}") = "MysqlLib", "MysqlLib.csproj", "{92CADB8D-8CC3-4BCA-8834-A93DB349D255}"
EndProject
Global
	GlobalSection(SolutionConfigurationPlatforms) = preSolution
		Debug|Any CPU = Debug|Any CPU
		Release|Any CPU = Release|Any CPU
	EndGlobalSection
	GlobalSection(ProjectConfigurationPlatforms) = postSolution
		{92CADB8D-8CC3-4BCA-8834-A93DB349D255}.Debug|Any CPU.ActiveCfg = Debug|Any CPU
		{92CADB8D-8CC3-4BCA-8834-A93DB349D255}.Debug|Any CPU.Build.0 = Debug|Any CPU
		{92CADB8D-8CC3-4BCA-8834-A93DB349D255}.Release|Any CPU.ActiveCfg = Release|Any CPU
		{92CADB8D-8CC3-4BCA-8834-A93DB349D255}.Release|Any CPU.Build.0 = Release|Any CPU
	EndGlobalSection
	GlobalSection(SolutionProperties) = preSolution
		HideSolutionNode = FALSE
	EndGlobalSection
	GlobalSection(ExtensibilityGlobals) = postSolution
		SolutionGuid = {05955A5E-5024-4D09-A076-4A6E2C4B9E7E}
	EndGlobalSection
EndGlobal
